
Microsoft Visual Studio Solution File, Format Version 12.00
# Visual Studio Version 17
VisualStudioVersion = 17.3.32901.215
MinimumVisualStudioVersion = 10.0.40219.1
Project("{9A19103F-16F7-4668-BE54-9A1E7A4F7556}") = "CountWord", "CountWord.csproj", "{4E99F38E-0CD6-4229-8BAD-0447BB053DB5}"
EndProject
Project("{9A19103F-16F7-4668-BE54-9A1E7A4F7556}") = "SpeedWorkLinkAndLinckedLink", "..\SpeedWorkLinkAndLinckedLink\SpeedWorkLinkAndLinckedLink.csproj", "{1C3F126C-ACCA-43C8-8644-B56645FBEBD8}"
EndProject
Project("{9A19103F-16F7-4668-BE54-9A1E7A4F7556}") = "SpeedWorkLinckedLinkAndList", "..\SpeedWorkLinckedLinkAndList\SpeedWorkLinckedLinkAndList.csproj", "{314FCA42-43D4-41E8-B9FD-A771874BAABD}"
EndProject
Project("{9A19103F-16F7-4668-BE54-9A1E7A4F7556}") = "CountWordOriginal", "..\CountWordOriginal\CountWordOriginal.csproj", "{2CAAFE8B-9CAE-488D-864F-8F293BE467F8}"
EndProject
Project("{FAE04EC0-301F-11D3-BF4B-00C04F79EFBC}") = "LINQ14", "..\LINQ14\LINQ14.csproj", "{75FE15D1-7E5C-4388-B735-A50CA048895A}"
EndProject
Global
	GlobalSection(SolutionConfigurationPlatforms) = preSolution
		Debug|Any CPU = Debug|Any CPU
		Release|Any CPU = Release|Any CPU
	EndGlobalSection
	GlobalSection(ProjectConfigurationPlatforms) = postSolution
		{4E99F38E-0CD6-4229-8BAD-0447BB053DB5}.Debug|Any CPU.ActiveCfg = Debug|Any CPU
		{4E99F38E-0CD6-4229-8BAD-0447BB053DB5}.Debug|Any CPU.Build.0 = Debug|Any CPU
		{4E99F38E-0CD6-4229-8BAD-0447BB053DB5}.Release|Any CPU.ActiveCfg = Release|Any CPU
		{4E99F38E-0CD6-4229-8BAD-0447BB053DB5}.Release|Any CPU.Build.0 = Release|Any CPU
		{1C3F126C-ACCA-43C8-8644-B56645FBEBD8}.Debug|Any CPU.ActiveCfg = Debug|Any CPU
		{1C3F126C-ACCA-43C8-8644-B56645FBEBD8}.Debug|Any CPU.Build.0 = Debug|Any CPU
		{1C3F126C-ACCA-43C8-8644-B56645FBEBD8}.Release|Any CPU.ActiveCfg = Release|Any CPU
		{1C3F126C-ACCA-43C8-8644-B56645FBEBD8}.Release|Any CPU.Build.0 = Release|Any CPU
		{314FCA42-43D4-41E8-B9FD-A771874BAABD}.Debug|Any CPU.ActiveCfg = Debug|Any CPU
		{314FCA42-43D4-41E8-B9FD-A771874BAABD}.Debug|Any CPU.Build.0 = Debug|Any CPU
		{314FCA42-43D4-41E8-B9FD-A771874BAABD}.Release|Any CPU.ActiveCfg = Release|Any CPU
		{314FCA42-43D4-41E8-B9FD-A771874BAABD}.Release|Any CPU.Build.0 = Release|Any CPU
		{2CAAFE8B-9CAE-488D-864F-8F293BE467F8}.Debug|Any CPU.ActiveCfg = Debug|Any CPU
		{2CAAFE8B-9CAE-488D-864F-8F293BE467F8}.Debug|Any CPU.Build.0 = Debug|Any CPU
		{2CAAFE8B-9CAE-488D-864F-8F293BE467F8}.Release|Any CPU.ActiveCfg = Release|Any CPU
		{2CAAFE8B-9CAE-488D-864F-8F293BE467F8}.Release|Any CPU.Build.0 = Release|Any CPU
		{75FE15D1-7E5C-4388-B735-A50CA048895A}.Debug|Any CPU.ActiveCfg = Debug|Any CPU
		{75FE15D1-7E5C-4388-B735-A50CA048895A}.Debug|Any CPU.Build.0 = Debug|Any CPU
		{75FE15D1-7E5C-4388-B735-A50CA048895A}.Release|Any CPU.ActiveCfg = Release|Any CPU
		{75FE15D1-7E5C-4388-B735-A50CA048895A}.Release|Any CPU.Build.0 = Release|Any CPU
	EndGlobalSection
	GlobalSection(SolutionProperties) = preSolution
		HideSolutionNode = FALSE
	EndGlobalSection
	GlobalSection(ExtensibilityGlobals) = postSolution
		SolutionGuid = {98715058-8644-4768-9B4A-48010BAB87C6}
	EndGlobalSection
EndGlobal
